// !$*UTF8*$!
{
	archiveVersion = 1;
	classes = {
	};
	objectVersion = 77;
	objects = {

/* Begin PBXBuildFile section */
		1D8097B22F7FCBED00C67700 /* MoonlightCommonC in Frameworks */ = {isa = PBXBuildFile; productRef = 1D8097B12F7FCBED00C67700 /* MoonlightCommonC */; };
		1D8097B52F7FCBFA00C67700 /* Opus in Frameworks */ = {isa = PBXBuildFile; productRef = 1D8097B42F7FCBFA00C67700 /* Opus */; };
		1DC83C3D2F74587300BF0482 /* RoyalVNCKit in Frameworks */ = {isa = PBXBuildFile; productRef = 1DC83C3C2F74587300BF0482 /* RoyalVNCKit */; };
/* End PBXBuildFile section */

/* Begin PBXFileReference section */
		1DC83C272F74524200BF0482 /* VisionVNC.app */ = {isa = PBXFileReference; explicitFileType = wrapper.application; includeInIndex = 0; path = VisionVNC.app; sourceTree = BUILT_PRODUCTS_DIR; };
/* End PBXFileReference section */

/* Begin PBXFileSystemSynchronizedBuildFileExceptionSet section */
		1DC83C352F74524300BF0482 /* Exceptions for "VisionVNC" folder in "VisionVNC" target */ = {
			isa = PBXFileSystemSynchronizedBuildFileExceptionSet;
			membershipExceptions = (
				Info.plist,
			);
			target = 1DC83C262F74524200BF0482 /* VisionVNC */;
		};
/* End PBXFileSystemSynchronizedBuildFileExceptionSet section */

/* Begin PBXFileSystemSynchronizedRootGroup section */
		1DC83C292F74524200BF0482 /* VisionVNC */ = {
			isa = PBXFileSystemSynchronizedRootGroup;
			exceptions = (
				1DC83C352F74524300BF0482 /* Exceptions for "VisionVNC" folder in "VisionVNC" target */,
			);
			path = VisionVNC;
			sourceTree = "<group>";
		};
/* End PBXFileSystemSynchronizedRootGroup section */

/* Begin PBXFrameworksBuildPhase section */
		1DC83C242F74524200BF0482 /* Frameworks */ = {
			isa = PBXFrameworksBuildPhase;
			buildActionMask = 2147483647;
			files = (
				1DC83C3D2F74587300BF0482 /* RoyalVNCKit in Frameworks */,
				1D8097B22F7FCBED00C67700 /* MoonlightCommonC in Frameworks */,
				1D8097B52F7FCBFA00C67700 /* Opus in Frameworks */,
			);
			runOnlyForDeploymentPostprocessing = 0;
		};
/* End PBXFrameworksBuildPhase section */

/* Begin PBXGroup section */
		1DC83C1E2F74524200BF0482 = {
			isa = PBXGroup;
			children = (
				1DC83C292F74524200BF0482 /* VisionVNC */,
				1DC83C2A2F74524200BF0482 /* Packages */,
				1DC83C282F74524200BF0482 /* Products */,
			);
			sourceTree = "<group>";
		};
		1DC83C282F74524200BF0482 /* Products */ = {
			isa = PBXGroup;
			children = (
				1DC83C272F74524200BF0482 /* VisionVNC.app */,
			);
			name = Products;
			sourceTree = "<group>";
		};
		1DC83C2A2F74524200BF0482 /* Packages */ = {
			isa = PBXGroup;
			children = (
			);
			path = Packages;
			sourceTree = "<group>";
		};
/* End PBXGroup section */

/* Begin PBXNativeTarget section */
		1DC83C262F74524200BF0482 /* VisionVNC */ = {
			isa = PBXNativeTarget;
			buildConfigurationList = 1DC83C362F74524300BF0482 /* Build configuration list for PBXNativeTarget "VisionVNC" */;
			buildPhases = (
				1DC83C232F74524200BF0482 /* Sources */,
				1DC83C242F74524200BF0482 /* Frameworks */,
				1DC83C252F74524200BF0482 /* Resources */,
			);
			buildRules = (
			);
			dependencies = (
				1DC83C532F745D6600BF0482 /* PBXTargetDependency */,
			);
			fileSystemSynchronizedGroups = (
				1DC83C292F74524200BF0482 /* VisionVNC */,
			);
			name = VisionVNC;
			packageProductDependencies = (
				1DC83C3C2F74587300BF0482 /* RoyalVNCKit */,
				1D8097B12F7FCBED00C67700 /* MoonlightCommonC */,
				1D8097B42F7FCBFA00C67700 /* Opus */,
			);
			productName = VisionVNC;
			productReference = 1DC83C272F74524200BF0482 /* VisionVNC.app */;
			productType = "com.apple.product-type.application";
		};
/* End PBXNativeTarget section */

/* Begin PBXProject section */
		1DC83C1F2F74524200BF0482 /* Project object */ = {
			isa = PBXProject;
			attributes = {
				BuildIndependentTargetsInParallel = 1;
				LastSwiftUpdateCheck = 2630;
				LastUpgradeCheck = 2630;
				TargetAttributes = {
					1DC83C262F74524200BF0482 = {
						CreatedOnToolsVersion = 26.3;
					};
				};
			};
			buildConfigurationList = 1DC83C222F74524200BF0482 /* Build configuration list for PBXProject "VisionVNC" */;
			developmentRegion = en;
			hasScannedForEncodings = 0;
			knownRegions = (
				en,
				Base,
			);
			mainGroup = 1DC83C1E2F74524200BF0482;
			minimizedProjectReferenceProxies = 1;
			packageReferences = (
				1DC83C3B2F74587300BF0482 /* XCLocalSwiftPackageReference "repos/royalvnc" */,
				1D8097B02F7FCBED00C67700 /* XCLocalSwiftPackageReference "repos/moonlight-common-c" */,
				1D8097B32F7FCBFA00C67700 /* XCLocalSwiftPackageReference "repos/opus" */,
			);
			preferredProjectObjectVersion = 77;
			productRefGroup = 1DC83C282F74524200BF0482 /* Products */;
			projectDirPath = "";
			projectRoot = "";
			targets = (
				1DC83C262F74524200BF0482 /* VisionVNC */,
			);
		};
/* End PBXProject section */

/* Begin PBXResourcesBuildPhase section */
		1DC83C252F74524200BF0482 /* Resources */ = {
			isa = PBXResourcesBuildPhase;
			buildActionMask = 2147483647;
			files = (
			);
			runOnlyForDeploymentPostprocessing = 0;
		};
/* End PBXResourcesBuildPhase section */

/* Begin PBXSourcesBuildPhase section */
		1DC83C232F74524200BF0482 /* Sources */ = {
			isa = PBXSourcesBuildPhase;
			buildActionMask = 2147483647;
			files = (
			);
			runOnlyForDeploymentPostprocessing = 0;
		};
/* End PBXSourcesBuildPhase section */

/* Begin PBXTargetDependency section */
		1DC83C532F745D6600BF0482 /* PBXTargetDependency */ = {
			isa = PBXTargetDependency;
			productRef = 1DC83C522F745D6600BF0482 /* RoyalVNCKit */;
		};
/* End PBXTargetDependency section */

/* Begin XCBuildConfiguration section */
		1DC83C372F74524300BF0482 /* Debug */ = {
			isa = XCBuildConfiguration;
			buildSettings = {
				ASSETCATALOG_COMPILER_APPICON_NAME = AppIcon;
				ASSETCATALOG_COMPILER_GLOBAL_ACCENT_COLOR_NAME = AccentColor;
				CODE_SIGN_STYLE = Automatic;
				CURRENT_PROJECT_VERSION = 1;
				DEVELOPMENT_TEAM = 9T5F88VJFL;
				ENABLE_PREVIEWS = YES;
				GENERATE_INFOPLIST_FILE = YES;
				INFOPLIST_FILE = "$(TARGET_NAME)/Info.plist";
				LD_RUNPATH_SEARCH_PATHS = (
					"$(inherited)",
					"@executable_path/Frameworks",
				);
				MARKETING_VERSION = 1.0;
				PRODUCT_BUNDLE_IDENTIFIER = com.illixion.VisionVNC;
				PRODUCT_NAME = "$(TARGET_NAME)";
				STRING_CATALOG_GENERATE_SYMBOLS = YES;
				SUPPORTED_PLATFORMS = "xros xrsimulator";
				SWIFT_APPROACHABLE_CONCURRENCY = YES;
				SWIFT_DEFAULT_ACTOR_ISOLATION = MainActor;
				SWIFT_EMIT_LOC_STRINGS = YES;
				SWIFT_UPCOMING_FEATURE_MEMBER_IMPORT_VISIBILITY = YES;
				SWIFT_VERSION = 5.0;
				TARGETED_DEVICE_FAMILY = 7;
			};
			name = Debug;
		};
		1DC83C382F74524300BF0482 /* Release */ = {
			isa = XCBuildConfiguration;
			buildSettings = {
				ASSETCATALOG_COMPILER_APPICON_NAME = AppIcon;
				ASSETCATALOG_COMPILER_GLOBAL_ACCENT_COLOR_NAME = AccentColor;
				CODE_SIGN_STYLE = Automatic;
				CURRENT_PROJECT_VERSION = 1;
				DEVELOPMENT_TEAM = 9T5F88VJFL;
				ENABLE_PREVIEWS = YES;
				GENERATE_INFOPLIST_FILE = YES;
				INFOPLIST_FILE = "$(TARGET_NAME)/Info.plist";
				LD_RUNPATH_SEARCH_PATHS = (
					"$(inherited)",
					"@executable_path/Frameworks",
				);
				MARKETING_VERSION = 1.0;
				PRODUCT_BUNDLE_IDENTIFIER = com.illixion.VisionVNC;
				PRODUCT_NAME = "$(TARGET_NAME)";
				STRING_CATALOG_GENERATE_SYMBOLS = YES;
				SUPPORTED_PLATFORMS = "xros xrsimulator";
				SWIFT_APPROACHABLE_CONCURRENCY = YES;
				SWIFT_DEFAULT_ACTOR_ISOLATION = MainActor;
				SWIFT_EMIT_LOC_STRINGS = YES;
				SWIFT_UPCOMING_FEATURE_MEMBER_IMPORT_VISIBILITY = YES;
				SWIFT_VERSION = 5.0;
				TARGETED_DEVICE_FAMILY = 7;
			};
			name = Release;
		};
		1DC83C392F74524300BF0482 /* Debug */ = {
			isa = XCBuildConfiguration;
			buildSettings = {
				ALWAYS_SEARCH_USER_PATHS = NO;
				ASSETCATALOG_COMPILER_GENERATE_SWIFT_ASSET_SYMBOL_EXTENSIONS = YES;
				CLANG_ANALYZER_NONNULL = YES;
				CLANG_ANALYZER_NUMBER_OBJECT_CONVERSION = YES_AGGRESSIVE;
				CLANG_CXX_LANGUAGE_STANDARD = "gnu++20";
				CLANG_ENABLE_MODULES = YES;
				CLANG_ENABLE_OBJC_ARC = YES;
				CLANG_ENABLE_OBJC_WEAK = YES;
				CLANG_WARN_BLOCK_CAPTURE_AUTORELEASING = YES;
				CLANG_WARN_BOOL_CONVERSION = YES;
				CLANG_WARN_COMMA = YES;
				CLANG_WARN_CONSTANT_CONVERSION = YES;
				CLANG_WARN_DEPRECATED_OBJC_IMPLEMENTATIONS = YES;
				CLANG_WARN_DIRECT_OBJC_ISA_USAGE = YES_ERROR;
				CLANG_WARN_DOCUMENTATION_COMMENTS = YES;
				CLANG_WARN_EMPTY_BODY = YES;
				CLANG_WARN_ENUM_CONVERSION = YES;
				CLANG_WARN_INFINITE_RECURSION = YES;
				CLANG_WARN_INT_CONVERSION = YES;
				CLANG_WARN_NON_LITERAL_NULL_CONVERSION = YES;
				CLANG_WARN_OBJC_IMPLICIT_RETAIN_SELF = YES;
				CLANG_WARN_OBJC_LITERAL_CONVERSION = YES;
				CLANG_WARN_OBJC_ROOT_CLASS = YES_ERROR;
				CLANG_WARN_QUOTED_INCLUDE_IN_FRAMEWORK_HEADER = YES;
				CLANG_WARN_RANGE_LOOP_ANALYSIS = YES;
				CLANG_WARN_STRICT_PROTOTYPES = YES;
				CLANG_WARN_SUSPICIOUS_MOVE = YES;
				CLANG_WARN_UNGUARDED_AVAILABILITY = YES_AGGRESSIVE;
				CLANG_WARN_UNREACHABLE_CODE = YES;
				CLANG_WARN__DUPLICATE_METHOD_MATCH = YES;
				COPY_PHASE_STRIP = NO;
				DEBUG_INFORMATION_FORMAT = dwarf;
				DEVELOPMENT_TEAM = 9T5F88VJFL;
				ENABLE_STRICT_OBJC_MSGSEND = YES;
				ENABLE_TESTABILITY = YES;
				ENABLE_USER_SCRIPT_SANDBOXING = YES;
				GCC_C_LANGUAGE_STANDARD = gnu17;
				GCC_DYNAMIC_NO_PIC = NO;
				GCC_NO_COMMON_BLOCKS = YES;
				GCC_OPTIMIZATION_LEVEL = 0;
				GCC_PREPROCESSOR_DEFINITIONS = (
					"DEBUG=1",
					"$(inherited)",
				);
				GCC_WARN_64_TO_32_BIT_CONVERSION = YES;
				GCC_WARN_ABOUT_RETURN_TYPE = YES_ERROR;
				GCC_WARN_UNDECLARED_SELECTOR = YES;
				GCC_WARN_UNINITIALIZED_AUTOS = YES_AGGRESSIVE;
				GCC_WARN_UNUSED_FUNCTION = YES;
				GCC_WARN_UNUSED_VARIABLE = YES;
				LOCALIZATION_PREFERS_STRING_CATALOGS = YES;
				MTL_ENABLE_DEBUG_INFO = INCLUDE_SOURCE;
				MTL_FAST_MATH = YES;
				ONLY_ACTIVE_ARCH = YES;
				SDKROOT = xros;
				SWIFT_ACTIVE_COMPILATION_CONDITIONS = "DEBUG $(inherited)";
				SWIFT_OPTIMIZATION_LEVEL = "-Onone";
				XROS_DEPLOYMENT_TARGET = 26.2;
			};
			name = Debug;
		};
		1DC83C3A2F74524300BF0482 /* Release */ = {
			isa = XCBuildConfiguration;
			buildSettings = {
				ALWAYS_SEARCH_USER_PATHS = NO;
				ASSETCATALOG_COMPILER_GENERATE_SWIFT_ASSET_SYMBOL_EXTENSIONS = YES;
				CLANG_ANALYZER_NONNULL = YES;
				CLANG_ANALYZER_NUMBER_OBJECT_CONVERSION = YES_AGGRESSIVE;
				CLANG_CXX_LANGUAGE_STANDARD = "gnu++20";
				CLANG_ENABLE_MODULES = YES;
				CLANG_ENABLE_OBJC_ARC = YES;
				CLANG_ENABLE_OBJC_WEAK = YES;
				CLANG_WARN_BLOCK_CAPTURE_AUTORELEASING = YES;
				CLANG_WARN_BOOL_CONVERSION = YES;
				CLANG_WARN_COMMA = YES;
				CLANG_WARN_CONSTANT_CONVERSION = YES;
				CLANG_WARN_DEPRECATED_OBJC_IMPLEMENTATIONS = YES;
				CLANG_WARN_DIRECT_OBJC_ISA_USAGE = YES_ERROR;
				CLANG_WARN_DOCUMENTATION_COMMENTS = YES;
				CLANG_WARN_EMPTY_BODY = YES;
				CLANG_WARN_ENUM_CONVERSION = YES;
				CLANG_WARN_INFINITE_RECURSION = YES;
				CLANG_WARN_INT_CONVERSION = YES;
				CLANG_WARN_NON_LITERAL_NULL_CONVERSION = YES;
				CLANG_WARN_OBJC_IMPLICIT_RETAIN_SELF = YES;
				CLANG_WARN_OBJC_LITERAL_CONVERSION = YES;
				CLANG_WARN_OBJC_ROOT_CLASS = YES_ERROR;
				CLANG_WARN_QUOTED_INCLUDE_IN_FRAMEWORK_HEADER = YES;
				CLANG_WARN_RANGE_LOOP_ANALYSIS = YES;
				CLANG_WARN_STRICT_PROTOTYPES = YES;
				CLANG_WARN_SUSPICIOUS_MOVE = YES;
				CLANG_WARN_UNGUARDED_AVAILABILITY = YES_AGGRESSIVE;
				CLANG_WARN_UNREACHABLE_CODE = YES;
				CLANG_WARN__DUPLICATE_METHOD_MATCH = YES;
				COPY_PHASE_STRIP = NO;
				DEBUG_INFORMATION_FORMAT = "dwarf-with-dsym";
				DEVELOPMENT_TEAM = 9T5F88VJFL;
				ENABLE_NS_ASSERTIONS = NO;
				ENABLE_STRICT_OBJC_MSGSEND = YES;
				ENABLE_USER_SCRIPT_SANDBOXING = YES;
				GCC_C_LANGUAGE_STANDARD = gnu17;
				GCC_NO_COMMON_BLOCKS = YES;
				GCC_WARN_64_TO_32_BIT_CONVERSION = YES;
				GCC_WARN_ABOUT_RETURN_TYPE = YES_ERROR;
				GCC_WARN_UNDECLARED_SELECTOR = YES;
				GCC_WARN_UNINITIALIZED_AUTOS = YES_AGGRESSIVE;
				GCC_WARN_UNUSED_FUNCTION = YES;
				GCC_WARN_UNUSED_VARIABLE = YES;
				LOCALIZATION_PREFERS_STRING_CATALOGS = YES;
				MTL_ENABLE_DEBUG_INFO = NO;
				MTL_FAST_MATH = YES;
				SDKROOT = xros;
				SWIFT_COMPILATION_MODE = wholemodule;
				VALIDATE_PRODUCT = YES;
				XROS_DEPLOYMENT_TARGET = 26.2;
			};
			name = Release;
		};
/* End XCBuildConfiguration section */

/* Begin XCConfigurationList section */
		1DC83C222F74524200BF0482 /* Build configuration list for PBXProject "VisionVNC" */ = {
			isa = XCConfigurationList;
			buildConfigurations = (
				1DC83C392F74524300BF0482 /* Debug */,
				1DC83C3A2F74524300BF0482 /* Release */,
			);
			defaultConfigurationIsVisible = 0;
			defaultConfigurationName = Release;
		};
		1DC83C362F74524300BF0482 /* Build configuration list for PBXNativeTarget "VisionVNC" */ = {
			isa = XCConfigurationList;
			buildConfigurations = (
				1DC83C372F74524300BF0482 /* Debug */,
				1DC83C382F74524300BF0482 /* Release */,
			);
			defaultConfigurationIsVisible = 0;
			defaultConfigurationName = Release;
		};
/* End XCConfigurationList section */

/* Begin XCLocalSwiftPackageReference section */
		1D8097B02F7FCBED00C67700 /* XCLocalSwiftPackageReference "repos/moonlight-common-c" */ = {
			isa = XCLocalSwiftPackageReference;
			relativePath = "repos/moonlight-common-c";
		};
		1D8097B32F7FCBFA00C67700 /* XCLocalSwiftPackageReference "repos/opus" */ = {
			isa = XCLocalSwiftPackageReference;
			relativePath = repos/opus;
		};
		1DC83C3B2F74587300BF0482 /* XCLocalSwiftPackageReference "repos/royalvnc" */ = {
			isa = XCLocalSwiftPackageReference;
			relativePath = repos/royalvnc;
		};
/* End XCLocalSwiftPackageReference section */

/* Begin XCSwiftPackageProductDependency section */
		1D8097B12F7FCBED00C67700 /* MoonlightCommonC */ = {
			isa = XCSwiftPackageProductDependency;
			productName = MoonlightCommonC;
		};
		1D8097B42F7FCBFA00C67700 /* Opus */ = {
			isa = XCSwiftPackageProductDependency;
			productName = Opus;
		};
		1DC83C3C2F74587300BF0482 /* RoyalVNCKit */ = {
			isa = XCSwiftPackageProductDependency;
			productName = RoyalVNCKit;
		};
		1DC83C522F745D6600BF0482 /* RoyalVNCKit */ = {
			isa = XCSwiftPackageProductDependency;
			package = 1DC83C3B2F74587300BF0482 /* XCLocalSwiftPackageReference "repos/royalvnc" */;
			productName = RoyalVNCKit;
		};
/* End XCSwiftPackageProductDependency section */
	};
	rootObject = 1DC83C1F2F74524200BF0482 /* Project object */;
}
