// !$*UTF8*$!
{
	archiveVersion = 1;
	classes = {
	};
	objectVersion = 77;
	objects = {

/* Begin PBXBuildFile section */
		1D8097B22F7FCBED00C67700 /* MoonlightCommonC in Frameworks */ = {isa = PBXBuildFile; productRef = 1D8097B12F7FCBED00C67700 /* MoonlightCommonC */; };
		1D8097B52F7FCBFA00C67700 /* Opus in Frameworks */ = {isa = PBXBuildFile; productRef = 1D8097B42F7FCBFA00C67700 /* Opus */; };
		1DC83C3D2F74587300BF0482 /* RoyalVNCKit in Frameworks */ = {isa = PBXBuildFile; productRef = 1DC83C3C2F74587300BF0482 /* RoyalVNCKit */; };
		5511C0DE0000000000000021 /* SwiftTerm in Frameworks */ = {isa = PBXBuildFile; productRef = 5511C0DE0000000000000011 /* SwiftTerm */; };
		5511C0DE0000000000000022 /* NIOSSH in Frameworks */ = {isa = PBXBuildFile; productRef = 5511C0DE0000000000000012 /* NIOSSH */; };
		5511C0DE0000000000000023 /* NIOCore in Frameworks */ = {isa = PBXBuildFile; productRef = 5511C0DE0000000000000013 /* NIOCore */; };
		5511C0DE0000000000000024 /* NIOTransportServices in Frameworks */ = {isa = PBXBuildFile; productRef = 5511C0DE0000000000000014 /* NIOTransportServices */; };
		5511C0DE0000000000000025 /* Crypto in Frameworks */ = {isa = PBXBuildFile; productRef = 5511C0DE0000000000000015 /* Crypto */; };
		CCBB0000000000000000000E /* VisionVNCBroadcast.appex in Embed Foundation Extensions */ = {isa = PBXBuildFile; fileRef = CCBB00000000000000000001 /* VisionVNCBroadcast.appex */; settings = {ATTRIBUTES = (RemoveHeadersOnCopy, ); }; };
/* End PBXBuildFile section */

/* Begin PBXCopyFilesBuildPhase section */
		CCBB0000000000000000000D /* Embed Foundation Extensions */ = {
			isa = PBXCopyFilesBuildPhase;
			buildActionMask = 2147483647;
			dstPath = "";
			dstSubfolderSpec = 13;
			files = (
				CCBB0000000000000000000E /* VisionVNCBroadcast.appex in Embed Foundation Extensions */,
			);
			name = "Embed Foundation Extensions";
			runOnlyForDeploymentPostprocessing = 0;
		};
/* End PBXCopyFilesBuildPhase section */

/* Begin PBXFileReference section */
		1DC83C272F74524200BF0482 /* VisionVNC.app */ = {isa = PBXFileReference; explicitFileType = wrapper.application; includeInIndex = 0; path = VisionVNC.app; sourceTree = BUILT_PRODUCTS_DIR; };
		AA10AD100000000000000001 /* VisionVNCCompanion.app */ = {isa = PBXFileReference; explicitFileType = wrapper.application; includeInIndex = 0; path = VisionVNCCompanion.app; sourceTree = BUILT_PRODUCTS_DIR; };
		AA10AD10000000000000000C /* VisionVNC.xcconfig */ = {isa = PBXFileReference; lastKnownFileType = text.xcconfig; name = VisionVNC.xcconfig; path = Configuration/VisionVNC.xcconfig; sourceTree = "<group>"; };
		BBAA00000000000000000001 /* VisionVNCTests.xctest */ = {isa = PBXFileReference; explicitFileType = wrapper.cfbundle; includeInIndex = 0; path = VisionVNCTests.xctest; sourceTree = BUILT_PRODUCTS_DIR; };
		CCBB00000000000000000001 /* VisionVNCBroadcast.appex */ = {isa = PBXFileReference; explicitFileType = "wrapper.app-extension"; includeInIndex = 0; path = VisionVNCBroadcast.appex; sourceTree = BUILT_PRODUCTS_DIR; };
/* End PBXFileReference section */

/* Begin PBXFileSystemSynchronizedBuildFileExceptionSet section */
		1DC83C352F74524300BF0482 /* Exceptions for "VisionVNC" folder in "VisionVNC" target */ = {
			isa = PBXFileSystemSynchronizedBuildFileExceptionSet;
			membershipExceptions = (
				Info.plist,
				VisionVNC.entitlements,
			);
			target = 1DC83C262F74524200BF0482 /* VisionVNC */;
		};
		CCBB00000000000000000004 /* Exceptions for "BroadcastExtension" folder in "VisionVNCBroadcast" target */ = {
			isa = PBXFileSystemSynchronizedBuildFileExceptionSet;
			membershipExceptions = (
				Info.plist,
				BroadcastExtension.entitlements,
			);
			target = CCBB00000000000000000005 /* VisionVNCBroadcast */;
		};
		AA10AD100000000000000003 /* Exceptions for "CompanionMac" folder in "VisionVNCCompanion" target */ = {
			isa = PBXFileSystemSynchronizedBuildFileExceptionSet;
			membershipExceptions = (
				Info.plist,
			);
			target = AA10AD100000000000000005 /* VisionVNCCompanion */;
		};
/* End PBXFileSystemSynchronizedBuildFileExceptionSet section */

/* Begin PBXFileSystemSynchronizedRootGroup section */
		1DC83C292F74524200BF0482 /* VisionVNC */ = {
			isa = PBXFileSystemSynchronizedRootGroup;
			exceptions = (
				1DC83C352F74524300BF0482 /* Exceptions for "VisionVNC" folder in "VisionVNC" target */,
			);
			path = VisionVNC;
			sourceTree = "<group>";
		};
		AA10AD100000000000000002 /* CompanionMac */ = {
			isa = PBXFileSystemSynchronizedRootGroup;
			exceptions = (
				AA10AD100000000000000003 /* Exceptions for "CompanionMac" folder in "VisionVNCCompanion" target */,
			);
			path = CompanionMac;
			sourceTree = "<group>";
		};
		AA10AD100000000000000004 /* Shared */ = {
			isa = PBXFileSystemSynchronizedRootGroup;
			path = Shared;
			sourceTree = "<group>";
		};
		CCBB00000000000000000002 /* BroadcastCore */ = {
			isa = PBXFileSystemSynchronizedRootGroup;
			path = BroadcastCore;
			sourceTree = "<group>";
		};
		CCBB00000000000000000003 /* BroadcastExtension */ = {
			isa = PBXFileSystemSynchronizedRootGroup;
			exceptions = (
				CCBB00000000000000000004 /* Exceptions for "BroadcastExtension" folder in "VisionVNCBroadcast" target */,
			);
			path = BroadcastExtension;
			sourceTree = "<group>";
		};
		BBAA00000000000000000002 /* VisionVNCTests */ = {
			isa = PBXFileSystemSynchronizedRootGroup;
			path = VisionVNCTests;
			sourceTree = "<group>";
		};
/* End PBXFileSystemSynchronizedRootGroup section */

/* Begin PBXFrameworksBuildPhase section */
		1DC83C242F74524200BF0482 /* Frameworks */ = {
			isa = PBXFrameworksBuildPhase;
			buildActionMask = 2147483647;
			files = (
				1DC83C3D2F74587300BF0482 /* RoyalVNCKit in Frameworks */,
				1D8097B22F7FCBED00C67700 /* MoonlightCommonC in Frameworks */,
				1D8097B52F7FCBFA00C67700 /* Opus in Frameworks */,
				5511C0DE0000000000000021 /* SwiftTerm in Frameworks */,
				5511C0DE0000000000000022 /* NIOSSH in Frameworks */,
				5511C0DE0000000000000023 /* NIOCore in Frameworks */,
				5511C0DE0000000000000024 /* NIOTransportServices in Frameworks */,
				5511C0DE0000000000000025 /* Crypto in Frameworks */,
			);
			runOnlyForDeploymentPostprocessing = 0;
		};
		AA10AD100000000000000007 /* Frameworks */ = {
			isa = PBXFrameworksBuildPhase;
			buildActionMask = 2147483647;
			files = (
			);
			runOnlyForDeploymentPostprocessing = 0;
		};
		BBAA00000000000000000007 /* Frameworks */ = {
			isa = PBXFrameworksBuildPhase;
			buildActionMask = 2147483647;
			files = (
			);
			runOnlyForDeploymentPostprocessing = 0;
		};
		CCBB00000000000000000007 /* Frameworks */ = {
			isa = PBXFrameworksBuildPhase;
			buildActionMask = 2147483647;
			files = (
			);
			runOnlyForDeploymentPostprocessing = 0;
		};
/* End PBXFrameworksBuildPhase section */

/* Begin PBXGroup section */
		1D1D4D672FD30B7000952C39 /* Recovered References */ = {
			isa = PBXGroup;
			children = (
				AA10AD10000000000000000C /* VisionVNC.xcconfig */,
			);
			name = "Recovered References";
			sourceTree = "<group>";
		};
		1DC83C1E2F74524200BF0482 = {
			isa = PBXGroup;
			children = (
				1DC83C292F74524200BF0482 /* VisionVNC */,
				AA10AD100000000000000002 /* CompanionMac */,
				AA10AD100000000000000004 /* Shared */,
				CCBB00000000000000000002 /* BroadcastCore */,
				CCBB00000000000000000003 /* BroadcastExtension */,
				BBAA00000000000000000002 /* VisionVNCTests */,
				1DC83C2A2F74524200BF0482 /* Packages */,
				1DC83C282F74524200BF0482 /* Products */,
				1D1D4D672FD30B7000952C39 /* Recovered References */,
			);
			sourceTree = "<group>";
		};
		1DC83C282F74524200BF0482 /* Products */ = {
			isa = PBXGroup;
			children = (
				1DC83C272F74524200BF0482 /* VisionVNC.app */,
				AA10AD100000000000000001 /* VisionVNCCompanion.app */,
				BBAA00000000000000000001 /* VisionVNCTests.xctest */,
				CCBB00000000000000000001 /* VisionVNCBroadcast.appex */,
			);
			name = Products;
			sourceTree = "<group>";
		};
		1DC83C2A2F74524200BF0482 /* Packages */ = {
			isa = PBXGroup;
			children = (
			);
			path = Packages;
			sourceTree = "<group>";
		};
/* End PBXGroup section */

/* Begin PBXNativeTarget section */
		1DC83C262F74524200BF0482 /* VisionVNC */ = {
			isa = PBXNativeTarget;
			buildConfigurationList = 1DC83C362F74524300BF0482 /* Build configuration list for PBXNativeTarget "VisionVNC" */;
			buildPhases = (
				1DC83C232F74524200BF0482 /* Sources */,
				1DC83C242F74524200BF0482 /* Frameworks */,
				1DC83C252F74524200BF0482 /* Resources */,
				1DC83C5A2F9536A000BF0482 /* Copy Third-Party Notices */,
				CCBB0000000000000000000D /* Embed Foundation Extensions */,
			);
			buildRules = (
			);
			dependencies = (
				1DC83C532F745D6600BF0482 /* PBXTargetDependency */,
				CCBB0000000000000000000C /* PBXTargetDependency */,
			);
			fileSystemSynchronizedGroups = (
				1DC83C292F74524200BF0482 /* VisionVNC */,
				AA10AD100000000000000004 /* Shared */,
				CCBB00000000000000000002 /* BroadcastCore */,
			);
			name = VisionVNC;
			packageProductDependencies = (
				1DC83C3C2F74587300BF0482 /* RoyalVNCKit */,
				1D8097B12F7FCBED00C67700 /* MoonlightCommonC */,
				1D8097B42F7FCBFA00C67700 /* Opus */,
				5511C0DE0000000000000011 /* SwiftTerm */,
				5511C0DE0000000000000012 /* NIOSSH */,
				5511C0DE0000000000000013 /* NIOCore */,
				5511C0DE0000000000000014 /* NIOTransportServices */,
				5511C0DE0000000000000015 /* Crypto */,
			);
			productName = VisionVNC;
			productReference = 1DC83C272F74524200BF0482 /* VisionVNC.app */;
			productType = "com.apple.product-type.application";
		};
		AA10AD100000000000000005 /* VisionVNCCompanion */ = {
			isa = PBXNativeTarget;
			buildConfigurationList = AA10AD100000000000000009 /* Build configuration list for PBXNativeTarget "VisionVNCCompanion" */;
			buildPhases = (
				AA10AD100000000000000006 /* Sources */,
				AA10AD100000000000000007 /* Frameworks */,
				AA10AD100000000000000008 /* Resources */,
			);
			buildRules = (
			);
			dependencies = (
			);
			fileSystemSynchronizedGroups = (
				AA10AD100000000000000002 /* CompanionMac */,
				AA10AD100000000000000004 /* Shared */,
			);
			name = VisionVNCCompanion;
			packageProductDependencies = (
			);
			productName = VisionVNCCompanion;
			productReference = AA10AD100000000000000001 /* VisionVNCCompanion.app */;
			productType = "com.apple.product-type.application";
		};
		BBAA00000000000000000005 /* VisionVNCTests */ = {
			isa = PBXNativeTarget;
			buildConfigurationList = BBAA00000000000000000009 /* Build configuration list for PBXNativeTarget "VisionVNCTests" */;
			buildPhases = (
				BBAA00000000000000000006 /* Sources */,
				BBAA00000000000000000007 /* Frameworks */,
				BBAA00000000000000000008 /* Resources */,
			);
			buildRules = (
			);
			dependencies = (
				BBAA0000000000000000000C /* PBXTargetDependency */,
			);
			fileSystemSynchronizedGroups = (
				BBAA00000000000000000002 /* VisionVNCTests */,
			);
			name = VisionVNCTests;
			packageProductDependencies = (
			);
			productName = VisionVNCTests;
			productReference = BBAA00000000000000000001 /* VisionVNCTests.xctest */;
			productType = "com.apple.product-type.bundle.unit-test";
		};
		CCBB00000000000000000005 /* VisionVNCBroadcast */ = {
			isa = PBXNativeTarget;
			buildConfigurationList = CCBB00000000000000000008 /* Build configuration list for PBXNativeTarget "VisionVNCBroadcast" */;
			buildPhases = (
				CCBB00000000000000000006 /* Sources */,
				CCBB00000000000000000007 /* Frameworks */,
			);
			buildRules = (
			);
			dependencies = (
			);
			fileSystemSynchronizedGroups = (
				CCBB00000000000000000003 /* BroadcastExtension */,
				CCBB00000000000000000002 /* BroadcastCore */,
			);
			name = VisionVNCBroadcast;
			packageProductDependencies = (
			);
			productName = VisionVNCBroadcast;
			productReference = CCBB00000000000000000001 /* VisionVNCBroadcast.appex */;
			productType = "com.apple.product-type.app-extension";
		};
/* End PBXNativeTarget section */

/* Begin PBXProject section */
		1DC83C1F2F74524200BF0482 /* Project object */ = {
			isa = PBXProject;
			attributes = {
				BuildIndependentTargetsInParallel = 1;
				LastSwiftUpdateCheck = 2630;
				LastUpgradeCheck = 2630;
				TargetAttributes = {
					1DC83C262F74524200BF0482 = {
						CreatedOnToolsVersion = 26.3;
					};
					AA10AD100000000000000005 = {
						CreatedOnToolsVersion = 26.3;
					};
					BBAA00000000000000000005 = {
						CreatedOnToolsVersion = 26.3;
						TestTargetID = 1DC83C262F74524200BF0482;
					};
				};
			};
			buildConfigurationList = 1DC83C222F74524200BF0482 /* Build configuration list for PBXProject "VisionVNC" */;
			developmentRegion = en;
			hasScannedForEncodings = 0;
			knownRegions = (
				en,
				Base,
			);
			mainGroup = 1DC83C1E2F74524200BF0482;
			minimizedProjectReferenceProxies = 1;
			packageReferences = (
				1DC83C3B2F74587300BF0482 /* XCLocalSwiftPackageReference "repos/royalvnc" */,
				1D8097B02F7FCBED00C67700 /* XCLocalSwiftPackageReference "repos/moonlight-common-c" */,
				1D8097B32F7FCBFA00C67700 /* XCLocalSwiftPackageReference "repos/opus" */,
				5511C0DE0000000000000001 /* XCRemoteSwiftPackageReference "SwiftTerm" */,
				5511C0DE0000000000000002 /* XCRemoteSwiftPackageReference "swift-nio-ssh" */,
				5511C0DE0000000000000003 /* XCRemoteSwiftPackageReference "swift-nio" */,
				5511C0DE0000000000000004 /* XCRemoteSwiftPackageReference "swift-nio-transport-services" */,
				5511C0DE0000000000000005 /* XCRemoteSwiftPackageReference "swift-crypto" */,
			);
			preferredProjectObjectVersion = 77;
			productRefGroup = 1DC83C282F74524200BF0482 /* Products */;
			projectDirPath = "";
			projectRoot = "";
			targets = (
				1DC83C262F74524200BF0482 /* VisionVNC */,
				AA10AD100000000000000005 /* VisionVNCCompanion */,
				BBAA00000000000000000005 /* VisionVNCTests */,
				CCBB00000000000000000005 /* VisionVNCBroadcast */,
			);
		};
/* End PBXProject section */

/* Begin PBXResourcesBuildPhase section */
		1DC83C252F74524200BF0482 /* Resources */ = {
			isa = PBXResourcesBuildPhase;
			buildActionMask = 2147483647;
			files = (
			);
			runOnlyForDeploymentPostprocessing = 0;
		};
		AA10AD100000000000000008 /* Resources */ = {
			isa = PBXResourcesBuildPhase;
			buildActionMask = 2147483647;
			files = (
			);
			runOnlyForDeploymentPostprocessing = 0;
		};
		BBAA00000000000000000008 /* Resources */ = {
			isa = PBXResourcesBuildPhase;
			buildActionMask = 2147483647;
			files = (
			);
			runOnlyForDeploymentPostprocessing = 0;
		};
/* End PBXResourcesBuildPhase section */

/* Begin PBXShellScriptBuildPhase section */
		1DC83C5A2F9536A000BF0482 /* Copy Third-Party Notices */ = {
			isa = PBXShellScriptBuildPhase;
			buildActionMask = 2147483647;
			files = (
			);
			inputFileListPaths = (
			);
			inputPaths = (
				"$(SRCROOT)/THIRD_PARTY_NOTICES.md",
			);
			name = "Copy Third-Party Notices";
			outputFileListPaths = (
			);
			outputPaths = (
				"$(TARGET_BUILD_DIR)/$(UNLOCALIZED_RESOURCES_FOLDER_PATH)/THIRD_PARTY_NOTICES.md",
			);
			runOnlyForDeploymentPostprocessing = 0;
			shellPath = /bin/sh;
			shellScript = "cp \"${SRCROOT}/THIRD_PARTY_NOTICES.md\" \"${TARGET_BUILD_DIR}/${UNLOCALIZED_RESOURCES_FOLDER_PATH}/\"\n";
		};
/* End PBXShellScriptBuildPhase section */

/* Begin PBXSourcesBuildPhase section */
		1DC83C232F74524200BF0482 /* Sources */ = {
			isa = PBXSourcesBuildPhase;
			buildActionMask = 2147483647;
			files = (
			);
			runOnlyForDeploymentPostprocessing = 0;
		};
		CCBB00000000000000000006 /* Sources */ = {
			isa = PBXSourcesBuildPhase;
			buildActionMask = 2147483647;
			files = (
			);
			runOnlyForDeploymentPostprocessing = 0;
		};
		AA10AD100000000000000006 /* Sources */ = {
			isa = PBXSourcesBuildPhase;
			buildActionMask = 2147483647;
			files = (
			);
			runOnlyForDeploymentPostprocessing = 0;
		};
		BBAA00000000000000000006 /* Sources */ = {
			isa = PBXSourcesBuildPhase;
			buildActionMask = 2147483647;
			files = (
			);
			runOnlyForDeploymentPostprocessing = 0;
		};
/* End PBXSourcesBuildPhase section */

/* Begin PBXContainerItemProxy section */
		BBAA0000000000000000000D /* PBXContainerItemProxy */ = {
			isa = PBXContainerItemProxy;
			containerPortal = 1DC83C1F2F74524200BF0482 /* Project object */;
			proxyType = 1;
			remoteGlobalIDString = 1DC83C262F74524200BF0482;
			remoteInfo = VisionVNC;
		};
		CCBB0000000000000000000B /* PBXContainerItemProxy */ = {
			isa = PBXContainerItemProxy;
			containerPortal = 1DC83C1F2F74524200BF0482 /* Project object */;
			proxyType = 1;
			remoteGlobalIDString = CCBB00000000000000000005;
			remoteInfo = VisionVNCBroadcast;
		};
/* End PBXContainerItemProxy section */

/* Begin PBXTargetDependency section */
		1DC83C532F745D6600BF0482 /* PBXTargetDependency */ = {
			isa = PBXTargetDependency;
			productRef = 1DC83C522F745D6600BF0482 /* RoyalVNCKit */;
		};
		BBAA0000000000000000000C /* PBXTargetDependency */ = {
			isa = PBXTargetDependency;
			target = 1DC83C262F74524200BF0482 /* VisionVNC */;
			targetProxy = BBAA0000000000000000000D /* PBXContainerItemProxy */;
		};
		CCBB0000000000000000000C /* PBXTargetDependency */ = {
			isa = PBXTargetDependency;
			target = CCBB00000000000000000005 /* VisionVNCBroadcast */;
			targetProxy = CCBB0000000000000000000B /* PBXContainerItemProxy */;
		};
/* End PBXTargetDependency section */

/* Begin XCBuildConfiguration section */
		1DC83C372F74524300BF0482 /* Debug */ = {
			isa = XCBuildConfiguration;
			baseConfigurationReference = AA10AD10000000000000000C /* VisionVNC.xcconfig */;
			buildSettings = {
				ASSETCATALOG_COMPILER_APPICON_NAME = AppIcon;
				ASSETCATALOG_COMPILER_GLOBAL_ACCENT_COLOR_NAME = AccentColor;
				CODE_SIGN_ENTITLEMENTS = VisionVNC/VisionVNC.entitlements;
				CODE_SIGN_STYLE = Automatic;
				CURRENT_PROJECT_VERSION = 1;
				DEVELOPMENT_TEAM = 9T5F88VJFL;
				ENABLE_PREVIEWS = YES;
				GENERATE_INFOPLIST_FILE = YES;
				INFOPLIST_FILE = "$(TARGET_NAME)/Info.plist";
				INFOPLIST_KEY_GCSupportsControllerUserInteraction = YES;
				INFOPLIST_KEY_NSLocalNetworkUsageDescription = "This app needs local network access to connect to VNC and Moonlight/Sunshine servers on your network.";
				LD_RUNPATH_SEARCH_PATHS = (
					"$(inherited)",
					"@executable_path/Frameworks",
				);
				MARKETING_VERSION = 1.0;
				PRODUCT_BUNDLE_IDENTIFIER = com.illixion.VisionVNC;
				PRODUCT_NAME = "$(TARGET_NAME)";
				STRING_CATALOG_GENERATE_SYMBOLS = YES;
				SUPPORTED_PLATFORMS = "xros xrsimulator";
				SWIFT_APPROACHABLE_CONCURRENCY = YES;
				SWIFT_DEFAULT_ACTOR_ISOLATION = MainActor;
				SWIFT_EMIT_LOC_STRINGS = YES;
				SWIFT_UPCOMING_FEATURE_MEMBER_IMPORT_VISIBILITY = YES;
				SWIFT_VERSION = 5.0;
				TARGETED_DEVICE_FAMILY = 7;
			};
			name = Debug;
		};
		1DC83C382F74524300BF0482 /* Release */ = {
			isa = XCBuildConfiguration;
			baseConfigurationReference = AA10AD10000000000000000C /* VisionVNC.xcconfig */;
			buildSettings = {
				ASSETCATALOG_COMPILER_APPICON_NAME = AppIcon;
				ASSETCATALOG_COMPILER_GLOBAL_ACCENT_COLOR_NAME = AccentColor;
				CODE_SIGN_ENTITLEMENTS = VisionVNC/VisionVNC.entitlements;
				CODE_SIGN_STYLE = Automatic;
				CURRENT_PROJECT_VERSION = 1;
				DEVELOPMENT_TEAM = 9T5F88VJFL;
				ENABLE_PREVIEWS = YES;
				GENERATE_INFOPLIST_FILE = YES;
				INFOPLIST_FILE = "$(TARGET_NAME)/Info.plist";
				INFOPLIST_KEY_GCSupportsControllerUserInteraction = YES;
				INFOPLIST_KEY_NSLocalNetworkUsageDescription = "This app needs local network access to connect to VNC and Moonlight/Sunshine servers on your network.";
				LD_RUNPATH_SEARCH_PATHS = (
					"$(inherited)",
					"@executable_path/Frameworks",
				);
				MARKETING_VERSION = 1.0;
				PRODUCT_BUNDLE_IDENTIFIER = com.illixion.VisionVNC;
				PRODUCT_NAME = "$(TARGET_NAME)";
				STRING_CATALOG_GENERATE_SYMBOLS = YES;
				SUPPORTED_PLATFORMS = "xros xrsimulator";
				SWIFT_APPROACHABLE_CONCURRENCY = YES;
				SWIFT_DEFAULT_ACTOR_ISOLATION = MainActor;
				SWIFT_EMIT_LOC_STRINGS = YES;
				SWIFT_UPCOMING_FEATURE_MEMBER_IMPORT_VISIBILITY = YES;
				SWIFT_VERSION = 5.0;
				TARGETED_DEVICE_FAMILY = 7;
			};
			name = Release;
		};
		1DC83C392F74524300BF0482 /* Debug */ = {
			isa = XCBuildConfiguration;
			buildSettings = {
				ALWAYS_SEARCH_USER_PATHS = NO;
				ARCHS = arm64;
				ASSETCATALOG_COMPILER_GENERATE_SWIFT_ASSET_SYMBOL_EXTENSIONS = YES;
				CLANG_ANALYZER_NONNULL = YES;
				CLANG_ANALYZER_NUMBER_OBJECT_CONVERSION = YES_AGGRESSIVE;
				CLANG_CXX_LANGUAGE_STANDARD = "gnu++20";
				CLANG_ENABLE_MODULES = YES;
				CLANG_ENABLE_OBJC_ARC = YES;
				CLANG_ENABLE_OBJC_WEAK = YES;
				CLANG_WARN_BLOCK_CAPTURE_AUTORELEASING = YES;
				CLANG_WARN_BOOL_CONVERSION = YES;
				CLANG_WARN_COMMA = YES;
				CLANG_WARN_CONSTANT_CONVERSION = YES;
				CLANG_WARN_DEPRECATED_OBJC_IMPLEMENTATIONS = YES;
				CLANG_WARN_DIRECT_OBJC_ISA_USAGE = YES_ERROR;
				CLANG_WARN_DOCUMENTATION_COMMENTS = YES;
				CLANG_WARN_EMPTY_BODY = YES;
				CLANG_WARN_ENUM_CONVERSION = YES;
				CLANG_WARN_INFINITE_RECURSION = YES;
				CLANG_WARN_INT_CONVERSION = YES;
				CLANG_WARN_NON_LITERAL_NULL_CONVERSION = YES;
				CLANG_WARN_OBJC_IMPLICIT_RETAIN_SELF = YES;
				CLANG_WARN_OBJC_LITERAL_CONVERSION = YES;
				CLANG_WARN_OBJC_ROOT_CLASS = YES_ERROR;
				CLANG_WARN_QUOTED_INCLUDE_IN_FRAMEWORK_HEADER = YES;
				CLANG_WARN_RANGE_LOOP_ANALYSIS = YES;
				CLANG_WARN_STRICT_PROTOTYPES = YES;
				CLANG_WARN_SUSPICIOUS_MOVE = YES;
				CLANG_WARN_UNGUARDED_AVAILABILITY = YES_AGGRESSIVE;
				CLANG_WARN_UNREACHABLE_CODE = YES;
				CLANG_WARN__DUPLICATE_METHOD_MATCH = YES;
				COPY_PHASE_STRIP = NO;
				DEBUG_INFORMATION_FORMAT = dwarf;
				DEVELOPMENT_TEAM = 9T5F88VJFL;
				ENABLE_STRICT_OBJC_MSGSEND = YES;
				ENABLE_TESTABILITY = YES;
				ENABLE_USER_SCRIPT_SANDBOXING = YES;
				GCC_C_LANGUAGE_STANDARD = gnu17;
				GCC_DYNAMIC_NO_PIC = NO;
				GCC_NO_COMMON_BLOCKS = YES;
				GCC_OPTIMIZATION_LEVEL = 0;
				GCC_PREPROCESSOR_DEFINITIONS = (
					"DEBUG=1",
					"$(inherited)",
				);
				GCC_WARN_64_TO_32_BIT_CONVERSION = YES;
				GCC_WARN_ABOUT_RETURN_TYPE = YES_ERROR;
				GCC_WARN_UNDECLARED_SELECTOR = YES;
				GCC_WARN_UNINITIALIZED_AUTOS = YES_AGGRESSIVE;
				GCC_WARN_UNUSED_FUNCTION = YES;
				GCC_WARN_UNUSED_VARIABLE = YES;
				LOCALIZATION_PREFERS_STRING_CATALOGS = YES;
				MTL_ENABLE_DEBUG_INFO = INCLUDE_SOURCE;
				MTL_FAST_MATH = YES;
				ONLY_ACTIVE_ARCH = YES;
				SDKROOT = xros;
				SWIFT_ACTIVE_COMPILATION_CONDITIONS = "DEBUG $(inherited)";
				SWIFT_OPTIMIZATION_LEVEL = "-Onone";
				XROS_DEPLOYMENT_TARGET = 26.2;
			};
			name = Debug;
		};
		1DC83C3A2F74524300BF0482 /* Release */ = {
			isa = XCBuildConfiguration;
			buildSettings = {
				ALWAYS_SEARCH_USER_PATHS = NO;
				ARCHS = arm64;
				ASSETCATALOG_COMPILER_GENERATE_SWIFT_ASSET_SYMBOL_EXTENSIONS = YES;
				CLANG_ANALYZER_NONNULL = YES;
				CLANG_ANALYZER_NUMBER_OBJECT_CONVERSION = YES_AGGRESSIVE;
				CLANG_CXX_LANGUAGE_STANDARD = "gnu++20";
				CLANG_ENABLE_MODULES = YES;
				CLANG_ENABLE_OBJC_ARC = YES;
				CLANG_ENABLE_OBJC_WEAK = YES;
				CLANG_WARN_BLOCK_CAPTURE_AUTORELEASING = YES;
				CLANG_WARN_BOOL_CONVERSION = YES;
				CLANG_WARN_COMMA = YES;
				CLANG_WARN_CONSTANT_CONVERSION = YES;
				CLANG_WARN_DEPRECATED_OBJC_IMPLEMENTATIONS = YES;
				CLANG_WARN_DIRECT_OBJC_ISA_USAGE = YES_ERROR;
				CLANG_WARN_DOCUMENTATION_COMMENTS = YES;
				CLANG_WARN_EMPTY_BODY = YES;
				CLANG_WARN_ENUM_CONVERSION = YES;
				CLANG_WARN_INFINITE_RECURSION = YES;
				CLANG_WARN_INT_CONVERSION = YES;
				CLANG_WARN_NON_LITERAL_NULL_CONVERSION = YES;
				CLANG_WARN_OBJC_IMPLICIT_RETAIN_SELF = YES;
				CLANG_WARN_OBJC_LITERAL_CONVERSION = YES;
				CLANG_WARN_OBJC_ROOT_CLASS = YES_ERROR;
				CLANG_WARN_QUOTED_INCLUDE_IN_FRAMEWORK_HEADER = YES;
				CLANG_WARN_RANGE_LOOP_ANALYSIS = YES;
				CLANG_WARN_STRICT_PROTOTYPES = YES;
				CLANG_WARN_SUSPICIOUS_MOVE = YES;
				CLANG_WARN_UNGUARDED_AVAILABILITY = YES_AGGRESSIVE;
				CLANG_WARN_UNREACHABLE_CODE = YES;
				CLANG_WARN__DUPLICATE_METHOD_MATCH = YES;
				COPY_PHASE_STRIP = NO;
				DEBUG_INFORMATION_FORMAT = "dwarf-with-dsym";
				DEVELOPMENT_TEAM = 9T5F88VJFL;
				ENABLE_NS_ASSERTIONS = NO;
				ENABLE_STRICT_OBJC_MSGSEND = YES;
				ENABLE_USER_SCRIPT_SANDBOXING = YES;
				GCC_C_LANGUAGE_STANDARD = gnu17;
				GCC_NO_COMMON_BLOCKS = YES;
				GCC_WARN_64_TO_32_BIT_CONVERSION = YES;
				GCC_WARN_ABOUT_RETURN_TYPE = YES_ERROR;
				GCC_WARN_UNDECLARED_SELECTOR = YES;
				GCC_WARN_UNINITIALIZED_AUTOS = YES_AGGRESSIVE;
				GCC_WARN_UNUSED_FUNCTION = YES;
				GCC_WARN_UNUSED_VARIABLE = YES;
				LOCALIZATION_PREFERS_STRING_CATALOGS = YES;
				MTL_ENABLE_DEBUG_INFO = NO;
				MTL_FAST_MATH = YES;
				SDKROOT = xros;
				SWIFT_COMPILATION_MODE = wholemodule;
				VALIDATE_PRODUCT = YES;
				XROS_DEPLOYMENT_TARGET = 26.2;
			};
			name = Release;
		};
		AA10AD10000000000000000A /* Debug */ = {
			isa = XCBuildConfiguration;
			buildSettings = {
				ASSETCATALOG_COMPILER_APPICON_NAME = AppIcon;
				CODE_SIGN_STYLE = Automatic;
				COMBINE_HIDPI_IMAGES = YES;
				CURRENT_PROJECT_VERSION = 1;
				DEVELOPMENT_TEAM = 9T5F88VJFL;
				ENABLE_PREVIEWS = YES;
				GENERATE_INFOPLIST_FILE = YES;
				INFOPLIST_FILE = CompanionMac/Info.plist;
				LD_RUNPATH_SEARCH_PATHS = (
					"$(inherited)",
					"@executable_path/../Frameworks",
				);
				MACOSX_DEPLOYMENT_TARGET = 14.2;
				MARKETING_VERSION = 1.0;
				PRODUCT_BUNDLE_IDENTIFIER = com.illixion.VisionVNCCompanion;
				PRODUCT_NAME = "$(TARGET_NAME)";
				SDKROOT = macosx;
				SUPPORTED_PLATFORMS = macosx;
				SWIFT_APPROACHABLE_CONCURRENCY = YES;
				SWIFT_DEFAULT_ACTOR_ISOLATION = MainActor;
				SWIFT_EMIT_LOC_STRINGS = YES;
				SWIFT_UPCOMING_FEATURE_MEMBER_IMPORT_VISIBILITY = YES;
				SWIFT_VERSION = 5.0;
			};
			name = Debug;
		};
		AA10AD10000000000000000B /* Release */ = {
			isa = XCBuildConfiguration;
			buildSettings = {
				ASSETCATALOG_COMPILER_APPICON_NAME = AppIcon;
				CODE_SIGN_STYLE = Automatic;
				COMBINE_HIDPI_IMAGES = YES;
				CURRENT_PROJECT_VERSION = 1;
				DEVELOPMENT_TEAM = 9T5F88VJFL;
				ENABLE_PREVIEWS = YES;
				GENERATE_INFOPLIST_FILE = YES;
				INFOPLIST_FILE = CompanionMac/Info.plist;
				LD_RUNPATH_SEARCH_PATHS = (
					"$(inherited)",
					"@executable_path/../Frameworks",
				);
				MACOSX_DEPLOYMENT_TARGET = 14.2;
				MARKETING_VERSION = 1.0;
				PRODUCT_BUNDLE_IDENTIFIER = com.illixion.VisionVNCCompanion;
				PRODUCT_NAME = "$(TARGET_NAME)";
				SDKROOT = macosx;
				SUPPORTED_PLATFORMS = macosx;
				SWIFT_APPROACHABLE_CONCURRENCY = YES;
				SWIFT_DEFAULT_ACTOR_ISOLATION = MainActor;
				SWIFT_EMIT_LOC_STRINGS = YES;
				SWIFT_UPCOMING_FEATURE_MEMBER_IMPORT_VISIBILITY = YES;
				SWIFT_VERSION = 5.0;
			};
			name = Release;
		};
		BBAA0000000000000000000A /* Debug */ = {
			isa = XCBuildConfiguration;
			buildSettings = {
				BUNDLE_LOADER = "$(TEST_HOST)";
				CODE_SIGN_STYLE = Automatic;
				DEVELOPMENT_TEAM = 9T5F88VJFL;
				GENERATE_INFOPLIST_FILE = YES;
				PRODUCT_BUNDLE_IDENTIFIER = com.illixion.VisionVNCTests;
				PRODUCT_NAME = "$(TARGET_NAME)";
				SDKROOT = xros;
				SUPPORTED_PLATFORMS = "xros xrsimulator";
				SWIFT_APPROACHABLE_CONCURRENCY = YES;
				SWIFT_DEFAULT_ACTOR_ISOLATION = MainActor;
				SWIFT_VERSION = 5.0;
				TARGETED_DEVICE_FAMILY = 7;
				TEST_HOST = "$(BUILT_PRODUCTS_DIR)/VisionVNC.app/$(BUNDLE_EXECUTABLE_FOLDER_PATH)/VisionVNC";
				XROS_DEPLOYMENT_TARGET = 26.2;
			};
			name = Debug;
		};
		BBAA0000000000000000000B /* Release */ = {
			isa = XCBuildConfiguration;
			buildSettings = {
				BUNDLE_LOADER = "$(TEST_HOST)";
				CODE_SIGN_STYLE = Automatic;
				DEVELOPMENT_TEAM = 9T5F88VJFL;
				GENERATE_INFOPLIST_FILE = YES;
				PRODUCT_BUNDLE_IDENTIFIER = com.illixion.VisionVNCTests;
				PRODUCT_NAME = "$(TARGET_NAME)";
				SDKROOT = xros;
				SUPPORTED_PLATFORMS = "xros xrsimulator";
				SWIFT_APPROACHABLE_CONCURRENCY = YES;
				SWIFT_DEFAULT_ACTOR_ISOLATION = MainActor;
				SWIFT_VERSION = 5.0;
				TARGETED_DEVICE_FAMILY = 7;
				TEST_HOST = "$(BUILT_PRODUCTS_DIR)/VisionVNC.app/$(BUNDLE_EXECUTABLE_FOLDER_PATH)/VisionVNC";
				XROS_DEPLOYMENT_TARGET = 26.2;
			};
			name = Release;
		};
		CCBB00000000000000000009 /* Debug */ = {
			isa = XCBuildConfiguration;
			buildSettings = {
				CODE_SIGN_ENTITLEMENTS = BroadcastExtension/BroadcastExtension.entitlements;
				CODE_SIGN_STYLE = Automatic;
				CURRENT_PROJECT_VERSION = 1;
				DEVELOPMENT_TEAM = 9T5F88VJFL;
				GENERATE_INFOPLIST_FILE = YES;
				INFOPLIST_FILE = BroadcastExtension/Info.plist;
				INFOPLIST_KEY_CFBundleDisplayName = "VisionVNC View";
				LD_RUNPATH_SEARCH_PATHS = (
					"$(inherited)",
					"@executable_path/Frameworks",
					"@executable_path/../../Frameworks",
				);
				MARKETING_VERSION = 1.0;
				PRODUCT_BUNDLE_IDENTIFIER = com.illixion.VisionVNC.broadcast;
				PRODUCT_NAME = "$(TARGET_NAME)";
				SKIP_INSTALL = YES;
				SUPPORTED_PLATFORMS = "xros xrsimulator";
				SWIFT_APPROACHABLE_CONCURRENCY = YES;
				SWIFT_DEFAULT_ACTOR_ISOLATION = MainActor;
				SWIFT_EMIT_LOC_STRINGS = YES;
				SWIFT_UPCOMING_FEATURE_MEMBER_IMPORT_VISIBILITY = YES;
				SWIFT_VERSION = 5.0;
				TARGETED_DEVICE_FAMILY = 7;
			};
			name = Debug;
		};
		CCBB0000000000000000000A /* Release */ = {
			isa = XCBuildConfiguration;
			buildSettings = {
				CODE_SIGN_ENTITLEMENTS = BroadcastExtension/BroadcastExtension.entitlements;
				CODE_SIGN_STYLE = Automatic;
				CURRENT_PROJECT_VERSION = 1;
				DEVELOPMENT_TEAM = 9T5F88VJFL;
				GENERATE_INFOPLIST_FILE = YES;
				INFOPLIST_FILE = BroadcastExtension/Info.plist;
				INFOPLIST_KEY_CFBundleDisplayName = "VisionVNC View";
				LD_RUNPATH_SEARCH_PATHS = (
					"$(inherited)",
					"@executable_path/Frameworks",
					"@executable_path/../../Frameworks",
				);
				MARKETING_VERSION = 1.0;
				PRODUCT_BUNDLE_IDENTIFIER = com.illixion.VisionVNC.broadcast;
				PRODUCT_NAME = "$(TARGET_NAME)";
				SKIP_INSTALL = YES;
				SUPPORTED_PLATFORMS = "xros xrsimulator";
				SWIFT_APPROACHABLE_CONCURRENCY = YES;
				SWIFT_DEFAULT_ACTOR_ISOLATION = MainActor;
				SWIFT_EMIT_LOC_STRINGS = YES;
				SWIFT_UPCOMING_FEATURE_MEMBER_IMPORT_VISIBILITY = YES;
				SWIFT_VERSION = 5.0;
				TARGETED_DEVICE_FAMILY = 7;
			};
			name = Release;
		};
/* End XCBuildConfiguration section */

/* Begin XCConfigurationList section */
		1DC83C222F74524200BF0482 /* Build configuration list for PBXProject "VisionVNC" */ = {
			isa = XCConfigurationList;
			buildConfigurations = (
				1DC83C392F74524300BF0482 /* Debug */,
				1DC83C3A2F74524300BF0482 /* Release */,
			);
			defaultConfigurationIsVisible = 0;
			defaultConfigurationName = Release;
		};
		1DC83C362F74524300BF0482 /* Build configuration list for PBXNativeTarget "VisionVNC" */ = {
			isa = XCConfigurationList;
			buildConfigurations = (
				1DC83C372F74524300BF0482 /* Debug */,
				1DC83C382F74524300BF0482 /* Release */,
			);
			defaultConfigurationIsVisible = 0;
			defaultConfigurationName = Release;
		};
		AA10AD100000000000000009 /* Build configuration list for PBXNativeTarget "VisionVNCCompanion" */ = {
			isa = XCConfigurationList;
			buildConfigurations = (
				AA10AD10000000000000000A /* Debug */,
				AA10AD10000000000000000B /* Release */,
			);
			defaultConfigurationIsVisible = 0;
			defaultConfigurationName = Release;
		};
		BBAA00000000000000000009 /* Build configuration list for PBXNativeTarget "VisionVNCTests" */ = {
			isa = XCConfigurationList;
			buildConfigurations = (
				BBAA0000000000000000000A /* Debug */,
				BBAA0000000000000000000B /* Release */,
			);
			defaultConfigurationIsVisible = 0;
			defaultConfigurationName = Release;
		};
		CCBB00000000000000000008 /* Build configuration list for PBXNativeTarget "VisionVNCBroadcast" */ = {
			isa = XCConfigurationList;
			buildConfigurations = (
				CCBB00000000000000000009 /* Debug */,
				CCBB0000000000000000000A /* Release */,
			);
			defaultConfigurationIsVisible = 0;
			defaultConfigurationName = Release;
		};
/* End XCConfigurationList section */

/* Begin XCLocalSwiftPackageReference section */
		1D8097B02F7FCBED00C67700 /* XCLocalSwiftPackageReference "repos/moonlight-common-c" */ = {
			isa = XCLocalSwiftPackageReference;
			relativePath = "repos/moonlight-common-c";
		};
		1D8097B32F7FCBFA00C67700 /* XCLocalSwiftPackageReference "repos/opus" */ = {
			isa = XCLocalSwiftPackageReference;
			relativePath = repos/opus;
		};
		1DC83C3B2F74587300BF0482 /* XCLocalSwiftPackageReference "repos/royalvnc" */ = {
			isa = XCLocalSwiftPackageReference;
			relativePath = repos/royalvnc;
		};
/* End XCLocalSwiftPackageReference section */

/* Begin XCRemoteSwiftPackageReference section */
		5511C0DE0000000000000001 /* XCRemoteSwiftPackageReference "SwiftTerm" */ = {
			isa = XCRemoteSwiftPackageReference;
			repositoryURL = "https://github.com/migueldeicaza/SwiftTerm";
			requirement = {
				kind = exactVersion;
				version = 1.13.0;
			};
		};
		5511C0DE0000000000000002 /* XCRemoteSwiftPackageReference "swift-nio-ssh" */ = {
			isa = XCRemoteSwiftPackageReference;
			repositoryURL = "https://github.com/apple/swift-nio-ssh";
			requirement = {
				kind = exactVersion;
				version = 0.13.0;
			};
		};
		5511C0DE0000000000000003 /* XCRemoteSwiftPackageReference "swift-nio" */ = {
			isa = XCRemoteSwiftPackageReference;
			repositoryURL = "https://github.com/apple/swift-nio";
			requirement = {
				kind = upToNextMajorVersion;
				minimumVersion = 2.81.0;
			};
		};
		5511C0DE0000000000000004 /* XCRemoteSwiftPackageReference "swift-nio-transport-services" */ = {
			isa = XCRemoteSwiftPackageReference;
			repositoryURL = "https://github.com/apple/swift-nio-transport-services";
			requirement = {
				kind = upToNextMajorVersion;
				minimumVersion = 1.28.0;
			};
		};
		5511C0DE0000000000000005 /* XCRemoteSwiftPackageReference "swift-crypto" */ = {
			isa = XCRemoteSwiftPackageReference;
			repositoryURL = "https://github.com/apple/swift-crypto";
			requirement = {
				kind = versionRange;
				maximumVersion = 5.0.0;
				minimumVersion = 1.0.0;
			};
		};
/* End XCRemoteSwiftPackageReference section */

/* Begin XCSwiftPackageProductDependency section */
		1D8097B12F7FCBED00C67700 /* MoonlightCommonC */ = {
			isa = XCSwiftPackageProductDependency;
			productName = MoonlightCommonC;
		};
		1D8097B42F7FCBFA00C67700 /* Opus */ = {
			isa = XCSwiftPackageProductDependency;
			productName = Opus;
		};
		1DC83C3C2F74587300BF0482 /* RoyalVNCKit */ = {
			isa = XCSwiftPackageProductDependency;
			productName = RoyalVNCKit;
		};
		1DC83C522F745D6600BF0482 /* RoyalVNCKit */ = {
			isa = XCSwiftPackageProductDependency;
			package = 1DC83C3B2F74587300BF0482 /* XCLocalSwiftPackageReference "repos/royalvnc" */;
			productName = RoyalVNCKit;
		};
		5511C0DE0000000000000011 /* SwiftTerm */ = {
			isa = XCSwiftPackageProductDependency;
			package = 5511C0DE0000000000000001 /* XCRemoteSwiftPackageReference "SwiftTerm" */;
			productName = SwiftTerm;
		};
		5511C0DE0000000000000012 /* NIOSSH */ = {
			isa = XCSwiftPackageProductDependency;
			package = 5511C0DE0000000000000002 /* XCRemoteSwiftPackageReference "swift-nio-ssh" */;
			productName = NIOSSH;
		};
		5511C0DE0000000000000013 /* NIOCore */ = {
			isa = XCSwiftPackageProductDependency;
			package = 5511C0DE0000000000000003 /* XCRemoteSwiftPackageReference "swift-nio" */;
			productName = NIOCore;
		};
		5511C0DE0000000000000014 /* NIOTransportServices */ = {
			isa = XCSwiftPackageProductDependency;
			package = 5511C0DE0000000000000004 /* XCRemoteSwiftPackageReference "swift-nio-transport-services" */;
			productName = NIOTransportServices;
		};
		5511C0DE0000000000000015 /* Crypto */ = {
			isa = XCSwiftPackageProductDependency;
			package = 5511C0DE0000000000000005 /* XCRemoteSwiftPackageReference "swift-crypto" */;
			productName = Crypto;
		};
/* End XCSwiftPackageProductDependency section */
	};
	rootObject = 1DC83C1F2F74524200BF0482 /* Project object */;
}
